<?xml version="1.0" encoding="utf-8"?>
<Project ToolsVersion="4.0" xmlns="http://schemas.microsoft.com/developer/msbuild/2003">
  <ItemGroup>
    <Filter Include="Source Files">
      <UniqueIdentifier>{4FC737F1-C7A5-4376-A066-2A32D752A2FF}</UniqueIdentifier>
      <Extensions>cpp;c;cc;cxx;c++;cppm;ixx;def;odl;idl;hpj;bat;asm;asmx</Extensions>
    </Filter>
    <Filter Include="Header Files">
      <UniqueIdentifier>{93995380-89BD-4b04-88EB-625FBE52EBFB}</UniqueIdentifier>
      <Extensions>h;hh;hpp;hxx;h++;hm;inl;inc;ipp;xsd</Extensions>
    </Filter>
    <Filter Include="Resource Files">
      <UniqueIdentifier>{67DA6AB6-F800-4c08-8B7A-83BB121AAD01}</UniqueIdentifier>
      <Extensions>rc;ico;cur;bmp;dlg;rc2;rct;bin;rgs;gif;jpg;jpeg;jpe;resx;tiff;tif;png;wav;mfcribbon-ms</Extensions>
    </Filter>
  </ItemGroup>
  <ItemGroup>
    <ClCompile Include="TestingProject.cpp">
      <Filter>Source Files</Filter>
    </ClCompile>
    <ClCompile Include="add.cpp">
      <Filter>Source Files</Filter>
    </ClCompile>
    <ClCompile Include="IOStudy.cpp">
      <Filter>Source Files</Filter>
    </ClCompile>
    <ClCompile Include="IOStudyPractice.cpp">
      <Filter>Source Files</Filter>
    </ClCompile>
    <ClCompile Include="FirstProgram.cpp">
      <Filter>Source Files</Filter>
    </ClCompile>
    <ClCompile Include="FirstProgramQuiz.cpp">
      <Filter>Source Files</Filter>
    </ClCompile>
    <ClCompile Include="FunctionReturnValue.cpp">
      <Filter>Source Files</Filter>
    </ClCompile>
    <ClCompile Include="MultipleFiles.cpp">
      <Filter>Source Files</Filter>
    </ClCompile>
    <ClCompile Include="io.cpp">
      <Filter>Source Files</Filter>
    </ClCompile>
    <ClCompile Include="DataTypes.cpp">
      <Filter>Source Files</Filter>
    </ClCompile>
    <ClCompile Include="DataConversion.cpp">
      <Filter>Source Files</Filter>
    </ClCompile>
    <ClCompile Include="StringPractice.cpp">
      <Filter>Source Files</Filter>
    </ClCompile>
    <ClCompile Include="ArithmeticOnFloatingType.cpp">
      <Filter>Source Files</Filter>
    </ClCompile>
    <ClCompile Include="EvenOdd.cpp">
      <Filter>Source Files</Filter>
    </ClCompile>
    <ClCompile Include="ConstExprVar.cpp">
      <Filter>Source Files</Filter>
    </ClCompile>
    <ClCompile Include="StaticLicalVariable.cpp">
      <Filter>Source Files</Filter>
    </ClCompile>
    <ClCompile Include="SwitchStatement.cpp">
      <Filter>Source Files</Filter>
    </ClCompile>
    <ClCompile Include="WhileLoop.cpp">
      <Filter>Source Files</Filter>
    </ClCompile>
    <ClCompile Include="ForLoop.cpp">
      <Filter>Source Files</Filter>
    </ClCompile>
    <ClCompile Include="isPrimeUsingForLoopcpp.cpp">
      <Filter>Source Files</Filter>
    </ClCompile>
    <ClCompile Include="sort2.cpp">
      <Filter>Source Files</Filter>
    </ClCompile>
    <ClCompile Include="enumMonster.cpp">
      <Filter>Source Files</Filter>
    </ClCompile>
    <ClCompile Include="structExamples.cpp">
      <Filter>Source Files</Filter>
    </ClCompile>
    <ClCompile Include="structFraction.cpp">
      <Filter>Source Files</Filter>
    </ClCompile>
    <ClCompile Include="ClassTemplate.cpp">
      <Filter>Source Files</Filter>
    </ClCompile>
    <ClCompile Include="StructEnumExample.cpp">
      <Filter>Source Files</Filter>
    </ClCompile>
    <ClCompile Include="ClassTemplateExample.cpp">
      <Filter>Source Files</Filter>
    </ClCompile>
    <ClCompile Include="Array.cpp">
      <Filter>Source Files</Filter>
    </ClCompile>
    <ClCompile Include="ArrayForLoop.cpp">
      <Filter>Source Files</Filter>
    </ClCompile>
    <ClCompile Include="ArrayLargestScore.cpp">
      <Filter>Source Files</Filter>
    </ClCompile>
    <ClCompile Include="FizBuzzGame.cpp">
      <Filter>Source Files</Filter>
    </ClCompile>
    <ClCompile Include="CStyleString.cpp">
      <Filter>Source Files</Filter>
    </ClCompile>
    <ClCompile Include="CStyleStringOperationscpp.cpp">
      <Filter>Source Files</Filter>
    </ClCompile>
    <ClCompile Include="ArrayPointers.cpp">
      <Filter>Source Files</Filter>
    </ClCompile>
    <ClCompile Include="PointerArrayArithmetic.cpp">
      <Filter>Source Files</Filter>
    </ClCompile>
    <ClCompile Include="DnyanamicMemAllocation.cpp">
      <Filter>Source Files</Filter>
    </ClCompile>
    <ClCompile Include="DynamicMemoryAllocation.cpp">
      <Filter>Source Files</Filter>
    </ClCompile>
    <ClCompile Include="ForEachLoop.cpp">
      <Filter>Source Files</Filter>
    </ClCompile>
    <ClCompile Include="ForEachLoopWithIndex.cpp">
      <Filter>Source Files</Filter>
    </ClCompile>
    <ClCompile Include="STLArray.cpp">
      <Filter>Source Files</Filter>
    </ClCompile>
    <ClCompile Include="STLVector.cpp">
      <Filter>Source Files</Filter>
    </ClCompile>
    <ClCompile Include="STLIterators.cpp">
      <Filter>Source Files</Filter>
    </ClCompile>
    <ClCompile Include="STLAlgoConIter.cpp">
      <Filter>Source Files</Filter>
    </ClCompile>
    <ClCompile Include="STLVectorClass.cpp">
      <Filter>Source Files</Filter>
    </ClCompile>
    <ClCompile Include="CStyleStringUsingPtr.cpp">
      <Filter>Source Files</Filter>
    </ClCompile>
    <ClCompile Include="FunctionPointer.cpp">
      <Filter>Source Files</Filter>
    </ClCompile>
    <ClCompile Include="CalculatorUsingFunPointer.cpp">
      <Filter>Source Files</Filter>
    </ClCompile>
    <ClCompile Include="RecursiveFunctions.cpp">
      <Filter>Source Files</Filter>
    </ClCompile>
    <ClCompile Include="LambdaFunction.cpp">
      <Filter>Source Files</Filter>
    </ClCompile>
    <ClCompile Include="IsEvenUsingLambdaFunction.cpp">
      <Filter>Source Files</Filter>
    </ClCompile>
    <ClCompile Include="StorageOfLambdaFunctions.cpp">
      <Filter>Source Files</Filter>
    </ClCompile>
    <ClCompile Include="MaxScoreUsingLambdaFunc.cpp">
      <Filter>Source Files</Filter>
    </ClCompile>
    <ClCompile Include="SeasonsUisngLambdaFunction.cpp">
      <Filter>Source Files</Filter>
    </ClCompile>
    <ClCompile Include="LambdaCaptures.cpp">
      <Filter>Source Files</Filter>
    </ClCompile>
    <ClCompile Include="LambdaCapturesWithReference.cpp">
      <Filter>Source Files</Filter>
    </ClCompile>
    <ClCompile Include="ClassExercise1.cpp">
      <Filter>Source Files</Filter>
    </ClCompile>
    <ClCompile Include="ClassExercise2.cpp">
      <Filter>Source Files</Filter>
    </ClCompile>
    <ClCompile Include="ClassPoint3D.cpp">
      <Filter>Source Files</Filter>
    </ClCompile>
    <ClCompile Include="ClassStack.cpp">
      <Filter>Source Files</Filter>
    </ClCompile>
    <ClCompile Include="ClassStackUsingVector.cpp">
      <Filter>Source Files</Filter>
    </ClCompile>
    <ClCompile Include="DefaultConstructor.cpp">
      <Filter>Source Files</Filter>
    </ClCompile>
    <ClCompile Include="ClassBall.cpp">
      <Filter>Source Files</Filter>
    </ClCompile>
    <ClCompile Include="ClassMemberInitilizerList.cpp">
      <Filter>Source Files</Filter>
    </ClCompile>
    <ClCompile Include="ClassRGBA.cpp">
      <Filter>Source Files</Filter>
    </ClCompile>
    <ClCompile Include="NonStaticMemberInitialization.cpp">
      <Filter>Source Files</Filter>
    </ClCompile>
    <ClCompile Include="DelegatingConstructors.cpp">
      <Filter>Source Files</Filter>
    </ClCompile>
    <ClCompile Include="DestructorExercise.cpp">
      <Filter>Source Files</Filter>
    </ClCompile>
    <ClCompile Include="StaticMemberVariable.cpp">
      <Filter>Source Files</Filter>
    </ClCompile>
    <ClCompile Include="StaticMemberFunction.cpp">
      <Filter>Source Files</Filter>
    </ClCompile>
    <ClCompile Include="FriendFunctionExercise1.cpp">
      <Filter>Source Files</Filter>
    </ClCompile>
    <ClCompile Include="FriendFunctionExercise2.cpp">
      <Filter>Source Files</Filter>
    </ClCompile>
    <ClCompile Include="FriendClassExercise1.cpp">
      <Filter>Source Files</Filter>
    </ClCompile>
  </ItemGroup>
  <ItemGroup>
    <ClInclude Include="add.h">
      <Filter>Header Files</Filter>
    </ClInclude>
    <ClInclude Include="io.h">
      <Filter>Header Files</Filter>
    </ClInclude>
    <ClInclude Include="constants.h">
      <Filter>Header Files</Filter>
    </ClInclude>
  </ItemGroup>
</Project>